
Microsoft Visual Studio Solution File, Format Version 12.00
# Visual Studio Version 17
VisualStudioVersion = 17.1.32407.343
MinimumVisualStudioVersion = 10.0.40219.1
Project("{8BC9CEB8-8B4A-11D0-8D11-00A0C91BC942}") = "221024_CProgramming_ExamStudy_1", "221024_CProgramming_ExamStudy_1\221024_CProgramming_ExamStudy_1.vcxproj", "{5EDA177E-A57F-42D6-8B7A-BF6D82B607CE}"
EndProject
Global
	GlobalSection(SolutionConfigurationPlatforms) = preSolution
		Debug|x64 = Debug|x64
		Debug|x86 = Debug|x86
		Release|x64 = Release|x64
		Release|x86 = Release|x86
	EndGlobalSection
	GlobalSection(ProjectConfigurationPlatforms) = postSolution
		{5EDA177E-A57F-42D6-8B7A-BF6D82B607CE}.Debug|x64.ActiveCfg = Debug|x64
		{5EDA177E-A57F-42D6-8B7A-BF6D82B607CE}.Debug|x64.Build.0 = Debug|x64
		{5EDA177E-A57F-42D6-8B7A-BF6D82B607CE}.Debug|x86.ActiveCfg = Debug|Win32
		{5EDA177E-A57F-42D6-8B7A-BF6D82B607CE}.Debug|x86.Build.0 = Debug|Win32
		{5EDA177E-A57F-42D6-8B7A-BF6D82B607CE}.Release|x64.ActiveCfg = Release|x64
		{5EDA177E-A57F-42D6-8B7A-BF6D82B607CE}.Release|x64.Build.0 = Release|x64
		{5EDA177E-A57F-42D6-8B7A-BF6D82B607CE}.Release|x86.ActiveCfg = Release|Win32
		{5EDA177E-A57F-42D6-8B7A-BF6D82B607CE}.Release|x86.Build.0 = Release|Win32
	EndGlobalSection
	GlobalSection(SolutionProperties) = preSolution
		HideSolutionNode = FALSE
	EndGlobalSection
	GlobalSection(ExtensibilityGlobals) = postSolution
		SolutionGuid = {6ED1B2BB-C755-485F-9A3B-6E9EC11352AD}
	EndGlobalSection
EndGlobal
